PODS:
  - AFNetworking (3.2.1):
    - AFNetworking/NSURLSession (= 3.2.1)
    - AFNetworking/Reachability (= 3.2.1)
    - AFNetworking/Security (= 3.2.1)
    - AFNetworking/Serialization (= 3.2.1)
    - AFNetworking/UIKit (= 3.2.1)
  - AFNetworking/NSURLSession (3.2.1):
    - AFNetworking/Reachability
    - AFNetworking/Security
    - AFNetworking/Serialization
  - AFNetworking/Reachability (3.2.1)
  - AFNetworking/Security (3.2.1)
  - AFNetworking/Serialization (3.2.1)
  - AFNetworking/UIKit (3.2.1):
    - AFNetworking/NSURLSession
  - SCLAlertView (0.8)

DEPENDENCIES:
  - AFNetworking (~> 3.2)
  - SCLAlertView (from `https://github.com/vikmeup/SCLAlertView-Swift.git`)

SPEC REPOS:
  https://github.com/cocoapods/specs.git:
    - AFNetworking

EXTERNAL SOURCES:
  SCLAlertView:
    :git: https://github.com/vikmeup/SCLAlertView-Swift.git

CHECKOUT OPTIONS:
  SCLAlertView:
    :commit: de579dc3d0b1217074796dcb5015bef01aaf8a1b
    :git: https://github.com/vikmeup/SCLAlertView-Swift.git

SPEC CHECKSUMS:
  AFNetworking: b6f891fdfaed196b46c7a83cf209e09697b94057
  SCLAlertView: 6a77bb2edfc65e04dbe57725546cb4107a506b85

PODFILE CHECKSUM: f66befc7eb099735ef9f7e0f03d70e7fada107fa

COCOAPODS: 1.5.3
